// !$*UTF8*$!
{
	archiveVersion = 1;
	classes = {
	};
	objectVersion = 60;
	objects = {

/* Begin PBXBuildFile section */
		A22C00020000000000000002 /* PipelineTests.swift in Sources */ = {isa = PBXBuildFile; fileRef = A22C00020000000000000001 /* PipelineTests.swift */; };
		A22C00020000000000000004 /* Arbor.framework in Frameworks */ = {isa = PBXBuildFile; fileRef = 04016CD0A5364D2EA3B95FB7 /* Arbor.framework */; };
		A11B00010000000000000004 /* arbor_bridge.cpp in Sources */ = {isa = PBXBuildFile; fileRef = A11B00010000000000000001 /* arbor_bridge.cpp */; };
		A11B00010000000000000005 /* libArborCore.a in Frameworks */ = {isa = PBXBuildFile; fileRef = 723E73F5B8DEC41D3AEE030C /* libArborCore.a */; };
		A11B00010000000000000012 /* Bridge.swift in Sources */ = {isa = PBXBuildFile; fileRef = A11B00010000000000000011 /* Bridge.swift */; };
		00DF3A50C82DFBEC96E4A0A3 /* QSMbuilder_butt.cpp in Sources */ = {isa = PBXBuildFile; fileRef = F728C2A2BFAE1B1B642E1BD7 /* QSMbuilder_butt.cpp */; };
		017C44221C02AE243782BC02 /* progressbar.cpp in Sources */ = {isa = PBXBuildFile; fileRef = F54075B383346589CCEBE011 /* progressbar.cpp */; };
		0243B1AABD374EE3923F9CFB /* QSM_read.cpp in Sources */ = {isa = PBXBuildFile; fileRef = 25A47D27D10F054B60E91E4E /* QSM_read.cpp */; };
		072056ECDB70DFEF71A3F873 /* QSMbuilder_prolongation.cpp in Sources */ = {isa = PBXBuildFile; fileRef = 6E78E4A89C5BAB2305A39CB0 /* QSMbuilder_prolongation.cpp */; };
		088AC455F8DCE78BC4040BC8 /* fitting_orbicular.cpp in Sources */ = {isa = PBXBuildFile; fileRef = CFCA3E17B0054FE06D08E13B /* fitting_orbicular.cpp */; };
		0C668BC15A8E19CDC669F0AF /* GraphBuilder.cpp in Sources */ = {isa = PBXBuildFile; fileRef = 5C851A12845D8A0BF170FF3F /* GraphBuilder.cpp */; };
		11EBC349EE12DE774B552F23 /* qsm_api.cpp in Sources */ = {isa = PBXBuildFile; fileRef = FEEE25B6BDF424A326DDE4A5 /* qsm_api.cpp */; };
		1CB5E6EEBCEE76A85BAFC3AC /* anisotopy.cpp in Sources */ = {isa = PBXBuildFile; fileRef = 52202A033391BFEFC51C42A7 /* anisotopy.cpp */; };
		242A56047C871A7415753BEB /* Grid3D.cpp in Sources */ = {isa = PBXBuildFile; fileRef = B47368ED9F33DDB71CA968FC /* Grid3D.cpp */; };
		2BE3554250EEC5F8F9D8EFEE /* QSMbuilder_architecture.cpp in Sources */ = {isa = PBXBuildFile; fileRef = 3EE373AE64CDF9578BBDDCD7 /* QSMbuilder_architecture.cpp */; };
		2CA1659FBA3F1A42B19E7457 /* QSMbuilder_dist2root.cpp in Sources */ = {isa = PBXBuildFile; fileRef = 633B6133215522EBE4D883EE /* QSMbuilder_dist2root.cpp */; };
		2E11B6E4EF8323FD4535EB6E /* dtm.cpp in Sources */ = {isa = PBXBuildFile; fileRef = 314609E1011070E60855BAFC /* dtm.cpp */; };
		339A0369C58698377883617A /* SeedDetector.cpp in Sources */ = {isa = PBXBuildFile; fileRef = C90A448D82F1F0BB91BD4FF8 /* SeedDetector.cpp */; };
		34B39242405D5BF8BDAD98FF /* main.cpp in Sources */ = {isa = PBXBuildFile; fileRef = 5B5AF546BF1E9276F1957143 /* main.cpp */; };
		3A66E506D1E61EA5BC22A5DB /* fitting_circle.cpp in Sources */ = {isa = PBXBuildFile; fileRef = 8ED5244D47A3B11D7DAAE276 /* fitting_circle.cpp */; };
		4ED3B199F8722F618EC61B75 /* QSMbuilder_skeleton.cpp in Sources */ = {isa = PBXBuildFile; fileRef = 462352664CFF30FBBA2CB321 /* QSMbuilder_skeleton.cpp */; };
		551E8C2F8999D204E8606B90 /* fitting_fourier.cpp in Sources */ = {isa = PBXBuildFile; fileRef = DEF0277ACF443F3C0A982DC8 /* fitting_fourier.cpp */; };
		57CAEB9F7490E7884AF4EEB6 /* segment_instance_api.cpp in Sources */ = {isa = PBXBuildFile; fileRef = 922EE2663BE87693C2AC1B32 /* segment_instance_api.cpp */; };
		58E3E0A25EF63CEAA3A1024A /* hporro/index.cpp in Sources */ = {isa = PBXBuildFile; fileRef = 62F6E638BA3FF2F81FFD0825 /* hporro/index.cpp */; };
		5A4A641DEC464CFAE284BCF6 /* SeedDetector_cage.cpp in Sources */ = {isa = PBXBuildFile; fileRef = 0F37D0627DE53CDD7D657066 /* SeedDetector_cage.cpp */; };
		5D487BD21F37CAE94E9037F5 /* allometry.cpp in Sources */ = {isa = PBXBuildFile; fileRef = 91DFA56D49AFEDBB42FE1612 /* allometry.cpp */; };
		60A7268155CB3D7C8EBA4F37 /* hporro/delaunay.cpp in Sources */ = {isa = PBXBuildFile; fileRef = 903A83EBC6AE0959CA695700 /* hporro/delaunay.cpp */; };
		60F2CA237C3C40B030BA3009 /* PointCloudDefault.cpp in Sources */ = {isa = PBXBuildFile; fileRef = 696BFEFC22DDE76F319C0AF0 /* PointCloudDefault.cpp */; };
		6AA5BF4CC018EE7079A399F8 /* hporro/pred3d.cpp in Sources */ = {isa = PBXBuildFile; fileRef = C2407450C755EC30CD95889A /* hporro/pred3d.cpp */; };
		6B4A43D71C4E096B050BA46C /* smooth3d.cpp in Sources */ = {isa = PBXBuildFile; fileRef = 3F37A5E9BE084D7938C0A07F /* smooth3d.cpp */; };
		6C57D0AB5ADD61DA83875B35 /* QSM_utils.cpp in Sources */ = {isa = PBXBuildFile; fileRef = 919E4DA7C2187B0A39098AB3 /* QSM_utils.cpp */; };
		6CE304EC0AB6ADEEE915AA06 /* ptd/PTD.cpp in Sources */ = {isa = PBXBuildFile; fileRef = 6E08393A5D315F827027F598 /* ptd/PTD.cpp */; };
		725171BA2C7DDAF6676E935E /* knn.cpp in Sources */ = {isa = PBXBuildFile; fileRef = 2ADC1023C50BBB9F73458F4A /* knn.cpp */; };
		737EA77F12872D5A3C0E6ADA /* QSF.cpp in Sources */ = {isa = PBXBuildFile; fileRef = C3424D0CAF4C6B6902BB4352 /* QSF.cpp */; };
		73821AF3AF1EF586FB1B062F /* QSMbuilder.cpp in Sources */ = {isa = PBXBuildFile; fileRef = D2BDD56776D4630FBC194B85 /* QSMbuilder.cpp */; };
		7859ACF337602CE6CE4F13AE /* fitting_ellipse.cpp in Sources */ = {isa = PBXBuildFile; fileRef = 29D479C3229E77CAA7272F2C /* fitting_ellipse.cpp */; };
		814321AFF5715F33C317BF16 /* QSMbuilder_pipemodel.cpp in Sources */ = {isa = PBXBuildFile; fileRef = B6B73BD300E65DD5B5FE8233 /* QSMbuilder_pipemodel.cpp */; };
		85F7830D94447AB76C787B77 /* fitting_multicircle.cpp in Sources */ = {isa = PBXBuildFile; fileRef = D5B17DBB068791B11E9475D5 /* fitting_multicircle.cpp */; };
		880CD5616EC729795CFF1153 /* PointCloudDataFrame.cpp in Sources */ = {isa = PBXBuildFile; fileRef = EAF57CB1AB118B0124FA87C4 /* PointCloudDataFrame.cpp */; };
		8AE1F762E45AB6E74C7E585B /* services.cpp in Sources */ = {isa = PBXBuildFile; fileRef = 026D714E88A8879F2723DF05 /* services.cpp */; };
		8F989BE08AD3EA1FEF16C98C /* SeedDetector_circle.cpp in Sources */ = {isa = PBXBuildFile; fileRef = DB302EAB6E523F1A5E41BA5A /* SeedDetector_circle.cpp */; };
		9E4AE74D9B6416705D9EA58A /* QSM_mesh.cpp in Sources */ = {isa = PBXBuildFile; fileRef = EC0560D7A5363CD3EEA176EC /* QSM_mesh.cpp */; };
		9F077AC3C43F2E9FEF126B32 /* segment_ground_api.cpp in Sources */ = {isa = PBXBuildFile; fileRef = 7DC5C8F30EAA57BDB4EED03B /* segment_ground_api.cpp */; };
		9F5946943AFB99061B323D10 /* fitting_polynomial.cpp in Sources */ = {isa = PBXBuildFile; fileRef = D97C760A97C87D643DA3EE2F /* fitting_polynomial.cpp */; };
		A0528D7618F50AD1A1761D47 /* ransac.cpp in Sources */ = {isa = PBXBuildFile; fileRef = B19DB2589EC731DCAA06E5DD /* ransac.cpp */; };
		A05D379CA388B2F0C2E64632 /* libqsm/libqsm.cpp in Sources */ = {isa = PBXBuildFile; fileRef = 3A0F15AF92D8E8619C927043 /* libqsm/libqsm.cpp */; };
		A3906AFC0F333BBE1245DBE2 /* homogeneization.cpp in Sources */ = {isa = PBXBuildFile; fileRef = A6BA278B304B6A5F18F4C28B /* homogeneization.cpp */; };
		AD8C4A2544D32BE28072FA70 /* Graph.cpp in Sources */ = {isa = PBXBuildFile; fileRef = EF999EBB9480BFD02229C2D9 /* Graph.cpp */; };
		AF9C57A17F99F8997557B57F /* QSMbuilder_radius.cpp in Sources */ = {isa = PBXBuildFile; fileRef = B070F227C399B6C33F785AFA /* QSMbuilder_radius.cpp */; };
		B114AC1826FEA11190118EC4 /* qsf_api.cpp in Sources */ = {isa = PBXBuildFile; fileRef = 692D5D09479FF731E45486B4 /* qsf_api.cpp */; };
		B5F3A184327D877030653FB5 /* find_seeds_api.cpp in Sources */ = {isa = PBXBuildFile; fileRef = 6D6E52A3A38B39E6FF741151 /* find_seeds_api.cpp */; };
		B71848CA4816FD697E4942D9 /* QSMbuilder_cluster.cpp in Sources */ = {isa = PBXBuildFile; fileRef = 4C91148FE8DC5F1DC202B455 /* QSMbuilder_cluster.cpp */; };
		D4693C7A1509C269327E694E /* libqsf/libqsf.cpp in Sources */ = {isa = PBXBuildFile; fileRef = 5CAD29F6614BE4EC6A4310FC /* libqsf/libqsf.cpp */; };
		D692CAC970BABB6A3ADC09C1 /* QSMbuilder_utils.cpp in Sources */ = {isa = PBXBuildFile; fileRef = C89FA3175B0421D409E31D3A /* QSMbuilder_utils.cpp */; };
		D85114678BEDA05251C44DD4 /* dbscan/dbscan.cpp in Sources */ = {isa = PBXBuildFile; fileRef = AE2415B354FF0A1E5D9AEB61 /* dbscan/dbscan.cpp */; };
		DEA50587D12CD1F341614B5E /* QSM_write.cpp in Sources */ = {isa = PBXBuildFile; fileRef = 8CFEFBFF47E2098B00CC5937 /* QSM_write.cpp */; };
		DFB436131A983D9F20EA98EC /* QSMbuilder_smooth.cpp in Sources */ = {isa = PBXBuildFile; fileRef = 6FD86CCEEC83F6C914C1FDC0 /* QSMbuilder_smooth.cpp */; };
		E30E7A66D349985ED1DA8766 /* segment_overfitting.cpp in Sources */ = {isa = PBXBuildFile; fileRef = 2907600F89D6397DBD678718 /* segment_overfitting.cpp */; };
		F11B746C3EA11295E42494E4 /* segment_semantic_api.cpp in Sources */ = {isa = PBXBuildFile; fileRef = C72E0CE3273B4BBE9CE4C959 /* segment_semantic_api.cpp */; };
		F3D360707E47E21F23FE371D /* libArborCore.a in Frameworks */ = {isa = PBXBuildFile; fileRef = 723E73F5B8DEC41D3AEE030C /* libArborCore.a */; };
		FD670240C3D6F46F5BEEDD5C /* sor.cpp in Sources */ = {isa = PBXBuildFile; fileRef = 1394936DD73325AC60319D86 /* sor.cpp */; };
		3228EC4EC8ED40A89B65F504 /* Allometry.swift in Sources */ = {isa = PBXBuildFile; fileRef = B9A73BFF3E014EE19540FBD4 /* Allometry.swift */; };
		DBCE5E405B9E4C96B02F49AC /* ArborError.swift in Sources */ = {isa = PBXBuildFile; fileRef = 1F5CA6900ABA403AAA93DB29 /* ArborError.swift */; };
		332BC9B869CB46129F78286A /* Colorize.swift in Sources */ = {isa = PBXBuildFile; fileRef = 0A9D466B91B446C98F199377 /* Colorize.swift */; };
		06C0915313BF4A0C865EA64A /* Engine.swift in Sources */ = {isa = PBXBuildFile; fileRef = A92E59EA16354FE7A8DCB271 /* Engine.swift */; };
		9FCDB505AD254179BA1C79CB /* Experimental.swift in Sources */ = {isa = PBXBuildFile; fileRef = B2AB17614ABB4761942F0773 /* Experimental.swift */; };
		0805ECCE508D419BB6A153EA /* Flags.swift in Sources */ = {isa = PBXBuildFile; fileRef = A782C1C6DB2543CFBBDDE7BC /* Flags.swift */; };
		A1FB0E2C61444C3FB8938125 /* Homogeneization.swift in Sources */ = {isa = PBXBuildFile; fileRef = A0B3CFC299684062BDBADE8A /* Homogeneization.swift */; };
		DA8E870EEA5246B397B3F430 /* Oversegmentation.swift in Sources */ = {isa = PBXBuildFile; fileRef = 1EAECC1B957A4605914112B0 /* Oversegmentation.swift */; };
		9551FA515B9846AA8F8C301A /* Parameters.swift in Sources */ = {isa = PBXBuildFile; fileRef = AA176F73CBB9418F9C36501D /* Parameters.swift */; };
		1F913D71A0914689BE8ED999 /* PointCloud.swift in Sources */ = {isa = PBXBuildFile; fileRef = 6D63E6AA508847DEBC750ED4 /* PointCloud.swift */; };
		43F2BD1DB34F45378CF1974E /* QSF.swift in Sources */ = {isa = PBXBuildFile; fileRef = 08BC377C94A242CEBC0437AC /* QSF.swift */; };
		364DA123F0C342FDB0BE45B3 /* QSFFilter.swift in Sources */ = {isa = PBXBuildFile; fileRef = D42876BE83DD4A4BB57BBA6E /* QSFFilter.swift */; };
		4FA78E846BE34840A789806E /* QSFIO.swift in Sources */ = {isa = PBXBuildFile; fileRef = 0EE2ED4B884A46879B3DDE74 /* QSFIO.swift */; };
		735C14C099264581A2624EF6 /* QSFLog.swift in Sources */ = {isa = PBXBuildFile; fileRef = 10506A50F2774030A4F562AB /* QSFLog.swift */; };
		1E0ACB41E0FF4C96A159846E /* QSM.swift in Sources */ = {isa = PBXBuildFile; fileRef = 25FCF2974A1047008E1B6AE9 /* QSM.swift */; };
		6264514B4E4441309466D31A /* QSMDBH.swift in Sources */ = {isa = PBXBuildFile; fileRef = D065265BC3754EADA7765DDC /* QSMDBH.swift */; };
		5A36375876C54CED9770AF24 /* QSMIO.swift in Sources */ = {isa = PBXBuildFile; fileRef = 278969490432495CABC1AD5B /* QSMIO.swift */; };
		A05AE3A24BB640CE9C91C357 /* QSMStats.swift in Sources */ = {isa = PBXBuildFile; fileRef = 5CC517E9D28843318755138C /* QSMStats.swift */; };
		9D06D04805184252885E5ABD /* QSMSubset.swift in Sources */ = {isa = PBXBuildFile; fileRef = DE42D7E4C9CD49F6B367EAD1 /* QSMSubset.swift */; };
		E5E195EFB1EF4474AD3D4A4D /* QSMTools.swift in Sources */ = {isa = PBXBuildFile; fileRef = 6FBB3C2AC1344FA4A664BE03 /* QSMTools.swift */; };
		7FFC6D7D02884D54BA12D853 /* Range.swift in Sources */ = {isa = PBXBuildFile; fileRef = 333B881713C2425A9A107012 /* Range.swift */; };
		AFB2457B361C4BE2B6E437D6 /* Seeds.swift in Sources */ = {isa = PBXBuildFile; fileRef = 32D3B52E7DF548BDB3323666 /* Seeds.swift */; };
		518AA38EBD5844668BDCB113 /* SegmentGround.swift in Sources */ = {isa = PBXBuildFile; fileRef = DD8B12BA87EB4FC4A5024D8B /* SegmentGround.swift */; };
		BFA615A96FC74B5691835766 /* SegmentInstance.swift in Sources */ = {isa = PBXBuildFile; fileRef = 408FDC03E5BB4C8F9FCD7677 /* SegmentInstance.swift */; };
		F535E0C687ED48938036C259 /* SegmentSemantic.swift in Sources */ = {isa = PBXBuildFile; fileRef = 8E4B29CFB9F04DB48F84A6A9 /* SegmentSemantic.swift */; };
		AB5460198CE34D52953775C9 /* Transfer.swift in Sources */ = {isa = PBXBuildFile; fileRef = E1C7AE0EBD1F42589D550BD0 /* Transfer.swift */; };
		DA2588A1731742AB9E19DE12 /* WoodLikelihood.swift in Sources */ = {isa = PBXBuildFile; fileRef = 4F2BC8A26B3C44D7AE91B740 /* WoodLikelihood.swift */; };
/* End PBXBuildFile section */

/* Begin PBXContainerItemProxy section */
		A22C0002000000000000000A /* PBXContainerItemProxy */ = {
			isa = PBXContainerItemProxy;
			containerPortal = 98F54143AB4E86B28C3AFEE0 /* Project object */;
			proxyType = 1;
			remoteGlobalIDString = 4CC7183BB7924C78B7AFDBBE;
			remoteInfo = Arbor;
		};
		A11B00010000000000000009 /* PBXContainerItemProxy */ = {
			isa = PBXContainerItemProxy;
			containerPortal = 98F54143AB4E86B28C3AFEE0 /* Project object */;
			proxyType = 1;
			remoteGlobalIDString = 5E785D27BEE03D67EB88DFF0;
			remoteInfo = ArborCore;
		};
		DC84B1C2A1F5A7AB31534F37 /* PBXContainerItemProxy */ = {
			isa = PBXContainerItemProxy;
			containerPortal = 98F54143AB4E86B28C3AFEE0 /* Project object */;
			proxyType = 1;
			remoteGlobalIDString = 5E785D27BEE03D67EB88DFF0;
			remoteInfo = ArborCore;
		};
/* End PBXContainerItemProxy section */

/* Begin PBXFileReference section */
		A22C00020000000000000001 /* PipelineTests.swift */ = {isa = PBXFileReference; lastKnownFileType = sourcecode.swift; path = PipelineTests.swift; sourceTree = "<group>"; };
		A22C00020000000000000003 /* ArborTests.xctest */ = {isa = PBXFileReference; explicitFileType = wrapper.cfbundle; includeInIndex = 0; path = ArborTests.xctest; sourceTree = BUILT_PRODUCTS_DIR; };
		A11B00010000000000000001 /* arbor_bridge.cpp */ = {isa = PBXFileReference; lastKnownFileType = sourcecode.cpp.cpp; path = arbor_bridge.cpp; sourceTree = "<group>"; };
		A11B00010000000000000002 /* arbor_bridge.h */ = {isa = PBXFileReference; lastKnownFileType = sourcecode.c.h; path = arbor_bridge.h; sourceTree = "<group>"; };
		A11B00010000000000000003 /* module.modulemap */ = {isa = PBXFileReference; lastKnownFileType = "sourcecode.module"; path = module.modulemap; sourceTree = "<group>"; };
		A11B00010000000000000011 /* Bridge.swift */ = {isa = PBXFileReference; lastKnownFileType = sourcecode.swift; path = Bridge.swift; sourceTree = "<group>"; };
		026D714E88A8879F2723DF05 /* services.cpp */ = {isa = PBXFileReference; lastKnownFileType = sourcecode.cpp.cpp; path = services.cpp; sourceTree = "<group>"; };
		05588C645277320720397D35 /* fitting_multicircle.h */ = {isa = PBXFileReference; lastKnownFileType = sourcecode.c.h; path = fitting_multicircle.h; sourceTree = "<group>"; };
		0792ACBC88206F4C63BC3B27 /* QSM.h */ = {isa = PBXFileReference; lastKnownFileType = sourcecode.c.h; path = QSM.h; sourceTree = "<group>"; };
		0F37D0627DE53CDD7D657066 /* SeedDetector_cage.cpp */ = {isa = PBXFileReference; lastKnownFileType = sourcecode.cpp.cpp; path = SeedDetector_cage.cpp; sourceTree = "<group>"; };
		0F3D519451D1E53F6F5EF0E5 /* Graph.h */ = {isa = PBXFileReference; lastKnownFileType = sourcecode.c.h; path = Graph.h; sourceTree = "<group>"; };
		1032DC882EF037BA399CF72E /* segment_overfitting.h */ = {isa = PBXFileReference; lastKnownFileType = sourcecode.c.h; path = segment_overfitting.h; sourceTree = "<group>"; };
		10825670E467B3EAA2357C60 /* arbor.h */ = {isa = PBXFileReference; lastKnownFileType = sourcecode.c.h; path = arbor.h; sourceTree = "<group>"; };
		1155926E0A1B4170E0DB6C6B /* GraphBuilder.h */ = {isa = PBXFileReference; lastKnownFileType = sourcecode.c.h; path = GraphBuilder.h; sourceTree = "<group>"; };
		118EAC836680786E3D0B8C5C /* fitting_circle.h */ = {isa = PBXFileReference; lastKnownFileType = sourcecode.c.h; path = fitting_circle.h; sourceTree = "<group>"; };
		1394936DD73325AC60319D86 /* sor.cpp */ = {isa = PBXFileReference; lastKnownFileType = sourcecode.cpp.cpp; path = sor.cpp; sourceTree = "<group>"; };
		13E925E9D74ADA42807EC991 /* PointCloud.h */ = {isa = PBXFileReference; lastKnownFileType = sourcecode.c.h; path = PointCloud.h; sourceTree = "<group>"; };
		19784082BF892E72C0EDB38E /* libqsm/libqsm.h */ = {isa = PBXFileReference; lastKnownFileType = sourcecode.c.h; path = libqsm/libqsm.h; sourceTree = "<group>"; };
		1E26D31A65D0D5131F9AEB56 /* fitting_circle_math.h */ = {isa = PBXFileReference; lastKnownFileType = sourcecode.c.h; path = fitting_circle_math.h; sourceTree = "<group>"; };
		205553C254A8E6E623EB265D /* QSF.h */ = {isa = PBXFileReference; lastKnownFileType = sourcecode.c.h; path = QSF.h; sourceTree = "<group>"; };
		20E50E2099654EC4BC52B3D6 /* fitting_types.h */ = {isa = PBXFileReference; lastKnownFileType = sourcecode.c.h; path = fitting_types.h; sourceTree = "<group>"; };
		232CD4DD40A017C53605DD2B /* fitting_strategy.h */ = {isa = PBXFileReference; lastKnownFileType = sourcecode.c.h; path = fitting_strategy.h; sourceTree = "<group>"; };
		25A47D27D10F054B60E91E4E /* QSM_read.cpp */ = {isa = PBXFileReference; lastKnownFileType = sourcecode.cpp.cpp; path = QSM_read.cpp; sourceTree = "<group>"; };
		2907600F89D6397DBD678718 /* segment_overfitting.cpp */ = {isa = PBXFileReference; lastKnownFileType = sourcecode.cpp.cpp; path = segment_overfitting.cpp; sourceTree = "<group>"; };
		29D479C3229E77CAA7272F2C /* fitting_ellipse.cpp */ = {isa = PBXFileReference; lastKnownFileType = sourcecode.cpp.cpp; path = fitting_ellipse.cpp; sourceTree = "<group>"; };
		2ADC1023C50BBB9F73458F4A /* knn.cpp */ = {isa = PBXFileReference; lastKnownFileType = sourcecode.cpp.cpp; path = knn.cpp; sourceTree = "<group>"; };
		314609E1011070E60855BAFC /* dtm.cpp */ = {isa = PBXFileReference; lastKnownFileType = sourcecode.cpp.cpp; path = dtm.cpp; sourceTree = "<group>"; };
		336A38C5886A1EC6EC1867B8 /* hporro/constants.h */ = {isa = PBXFileReference; lastKnownFileType = sourcecode.c.h; path = hporro/constants.h; sourceTree = "<group>"; };
		38838A90AA6A4FCF9F91355C /* progressbar.h */ = {isa = PBXFileReference; lastKnownFileType = sourcecode.c.h; path = progressbar.h; sourceTree = "<group>"; };
		3A0F15AF92D8E8619C927043 /* libqsm/libqsm.cpp */ = {isa = PBXFileReference; lastKnownFileType = sourcecode.cpp.cpp; path = libqsm/libqsm.cpp; sourceTree = "<group>"; };
		3B557EE27D47CEA63CD3DDF0 /* PointCloudDataFrame.h */ = {isa = PBXFileReference; lastKnownFileType = sourcecode.c.h; path = PointCloudDataFrame.h; sourceTree = "<group>"; };
		3EE373AE64CDF9578BBDDCD7 /* QSMbuilder_architecture.cpp */ = {isa = PBXFileReference; lastKnownFileType = sourcecode.cpp.cpp; path = QSMbuilder_architecture.cpp; sourceTree = "<group>"; };
		3EEEAA249927EC385CF25074 /* fitting_criteria.h */ = {isa = PBXFileReference; lastKnownFileType = sourcecode.c.h; path = fitting_criteria.h; sourceTree = "<group>"; };
		3F37A5E9BE084D7938C0A07F /* smooth3d.cpp */ = {isa = PBXFileReference; lastKnownFileType = sourcecode.cpp.cpp; path = smooth3d.cpp; sourceTree = "<group>"; };
		45EDD30F545B378287ABB626 /* hporro/delaunay.h */ = {isa = PBXFileReference; lastKnownFileType = sourcecode.c.h; path = hporro/delaunay.h; sourceTree = "<group>"; };
		462352664CFF30FBBA2CB321 /* QSMbuilder_skeleton.cpp */ = {isa = PBXFileReference; lastKnownFileType = sourcecode.cpp.cpp; path = QSMbuilder_skeleton.cpp; sourceTree = "<group>"; };
		4C91148FE8DC5F1DC202B455 /* QSMbuilder_cluster.cpp */ = {isa = PBXFileReference; lastKnownFileType = sourcecode.cpp.cpp; path = QSMbuilder_cluster.cpp; sourceTree = "<group>"; };
		4E3812E3F12DF4EE4DB1C2F0 /* SeedDetector.h */ = {isa = PBXFileReference; lastKnownFileType = sourcecode.c.h; path = SeedDetector.h; sourceTree = "<group>"; };
		52202A033391BFEFC51C42A7 /* anisotopy.cpp */ = {isa = PBXFileReference; lastKnownFileType = sourcecode.cpp.cpp; path = anisotopy.cpp; sourceTree = "<group>"; };
		5B5AF546BF1E9276F1957143 /* main.cpp */ = {isa = PBXFileReference; lastKnownFileType = sourcecode.cpp.cpp; path = main.cpp; sourceTree = "<group>"; };
		5C851A12845D8A0BF170FF3F /* GraphBuilder.cpp */ = {isa = PBXFileReference; lastKnownFileType = sourcecode.cpp.cpp; path = GraphBuilder.cpp; sourceTree = "<group>"; };
		5CAD29F6614BE4EC6A4310FC /* libqsf/libqsf.cpp */ = {isa = PBXFileReference; lastKnownFileType = sourcecode.cpp.cpp; path = libqsf/libqsf.cpp; sourceTree = "<group>"; };
		5E2F323A4E503EBC6D748BD3 /* myomp.h */ = {isa = PBXFileReference; lastKnownFileType = sourcecode.c.h; path = myomp.h; sourceTree = "<group>"; };
		600701342314B5082DACBFDD /* fitting_quality.h */ = {isa = PBXFileReference; lastKnownFileType = sourcecode.c.h; path = fitting_quality.h; sourceTree = "<group>"; };
		60B8C7252ADE769AB6EF8DF1 /* fitting.h */ = {isa = PBXFileReference; lastKnownFileType = sourcecode.c.h; path = fitting.h; sourceTree = "<group>"; };
		62F6E638BA3FF2F81FFD0825 /* hporro/index.cpp */ = {isa = PBXFileReference; lastKnownFileType = sourcecode.cpp.cpp; path = hporro/index.cpp; sourceTree = "<group>"; };
		633B6133215522EBE4D883EE /* QSMbuilder_dist2root.cpp */ = {isa = PBXFileReference; lastKnownFileType = sourcecode.cpp.cpp; path = QSMbuilder_dist2root.cpp; sourceTree = "<group>"; };
		63FFA1E337122582AC2BCADB /* PointCloudDefault.h */ = {isa = PBXFileReference; lastKnownFileType = sourcecode.c.h; path = PointCloudDefault.h; sourceTree = "<group>"; };
		681D357F0CEAE07EB0C657BA /* fitting_ellipse.h */ = {isa = PBXFileReference; lastKnownFileType = sourcecode.c.h; path = fitting_ellipse.h; sourceTree = "<group>"; };
		692D5D09479FF731E45486B4 /* qsf_api.cpp */ = {isa = PBXFileReference; lastKnownFileType = sourcecode.cpp.cpp; path = qsf_api.cpp; sourceTree = "<group>"; };
		696BFEFC22DDE76F319C0AF0 /* PointCloudDefault.cpp */ = {isa = PBXFileReference; lastKnownFileType = sourcecode.cpp.cpp; path = PointCloudDefault.cpp; sourceTree = "<group>"; };
		6D6E52A3A38B39E6FF741151 /* find_seeds_api.cpp */ = {isa = PBXFileReference; lastKnownFileType = sourcecode.cpp.cpp; path = find_seeds_api.cpp; sourceTree = "<group>"; };
		6E08393A5D315F827027F598 /* ptd/PTD.cpp */ = {isa = PBXFileReference; lastKnownFileType = sourcecode.cpp.cpp; path = ptd/PTD.cpp; sourceTree = "<group>"; };
		6E78E4A89C5BAB2305A39CB0 /* QSMbuilder_prolongation.cpp */ = {isa = PBXFileReference; lastKnownFileType = sourcecode.cpp.cpp; path = QSMbuilder_prolongation.cpp; sourceTree = "<group>"; };
		6FD86CCEEC83F6C914C1FDC0 /* QSMbuilder_smooth.cpp */ = {isa = PBXFileReference; lastKnownFileType = sourcecode.cpp.cpp; path = QSMbuilder_smooth.cpp; sourceTree = "<group>"; };
		723E73F5B8DEC41D3AEE030C /* libArborCore.a */ = {isa = PBXFileReference; explicitFileType = archive.ar; includeInIndex = 0; path = libArborCore.a; sourceTree = BUILT_PRODUCTS_DIR; };
		73CE633F3D94FE8C09802151 /* hporro/index.h */ = {isa = PBXFileReference; lastKnownFileType = sourcecode.c.h; path = hporro/index.h; sourceTree = "<group>"; };
		7DC5C8F30EAA57BDB4EED03B /* segment_ground_api.cpp */ = {isa = PBXFileReference; lastKnownFileType = sourcecode.cpp.cpp; path = segment_ground_api.cpp; sourceTree = "<group>"; };
		831AB5713076F93200E81988 /* allometry.R */ = {isa = PBXFileReference; lastKnownFileType = sourcecode.rez; name = allometry.R; path = ../R/allometry.R; sourceTree = SOURCE_ROOT; };
		831AB5723076F93200E81988 /* arbor_experimental.R */ = {isa = PBXFileReference; lastKnownFileType = sourcecode.rez; name = arbor_experimental.R; path = ../R/arbor_experimental.R; sourceTree = SOURCE_ROOT; };
		831AB5733076F93200E81988 /* arbor_parameters.R */ = {isa = PBXFileReference; lastKnownFileType = sourcecode.rez; name = arbor_parameters.R; path = ../R/arbor_parameters.R; sourceTree = SOURCE_ROOT; };
		831AB5743076F93200E81988 /* crs.R */ = {isa = PBXFileReference; lastKnownFileType = sourcecode.rez; name = crs.R; path = ../R/crs.R; sourceTree = SOURCE_ROOT; };
		831AB5753076F93200E81988 /* qsf.R */ = {isa = PBXFileReference; lastKnownFileType = sourcecode.rez; name = qsf.R; path = ../R/qsf.R; sourceTree = SOURCE_ROOT; };
		831AB5763076F93200E81988 /* qsf_filter.R */ = {isa = PBXFileReference; lastKnownFileType = sourcecode.rez; name = qsf_filter.R; path = ../R/qsf_filter.R; sourceTree = SOURCE_ROOT; };
		831AB5773076F93200E81988 /* qsf_io.R */ = {isa = PBXFileReference; lastKnownFileType = sourcecode.rez; name = qsf_io.R; path = ../R/qsf_io.R; sourceTree = SOURCE_ROOT; };
		831AB5783076F93200E81988 /* qsf_log.R */ = {isa = PBXFileReference; lastKnownFileType = sourcecode.rez; name = qsf_log.R; path = ../R/qsf_log.R; sourceTree = SOURCE_ROOT; };
		831AB5793076F96D00E81988 /* qsm.R */ = {isa = PBXFileReference; lastKnownFileType = sourcecode.rez; name = qsm.R; path = ../R/qsm.R; sourceTree = SOURCE_ROOT; };
		831AB57A3076F96D00E81988 /* qsm_dbh.R */ = {isa = PBXFileReference; lastKnownFileType = sourcecode.rez; name = qsm_dbh.R; path = ../R/qsm_dbh.R; sourceTree = SOURCE_ROOT; };
		831AB57B3076F96D00E81988 /* qsm_io.R */ = {isa = PBXFileReference; lastKnownFileType = sourcecode.rez; name = qsm_io.R; path = ../R/qsm_io.R; sourceTree = SOURCE_ROOT; };
		831AB57C3076F96D00E81988 /* qsm_stat.R */ = {isa = PBXFileReference; lastKnownFileType = sourcecode.rez; name = qsm_stat.R; path = ../R/qsm_stat.R; sourceTree = SOURCE_ROOT; };
		831AB57D3076F96D00E81988 /* qsm_subset.R */ = {isa = PBXFileReference; lastKnownFileType = sourcecode.rez; name = qsm_subset.R; path = ../R/qsm_subset.R; sourceTree = SOURCE_ROOT; };
		831AB57E3076F96D00E81988 /* qsm_tools.R */ = {isa = PBXFileReference; lastKnownFileType = sourcecode.rez; name = qsm_tools.R; path = ../R/qsm_tools.R; sourceTree = SOURCE_ROOT; };
		831AB57F3076F9C600E81988 /* seeds_find.R */ = {isa = PBXFileReference; lastKnownFileType = sourcecode.rez; name = seeds_find.R; path = ../R/seeds_find.R; sourceTree = SOURCE_ROOT; };
		831AB5803076F9C600E81988 /* segment_anisotropy.R */ = {isa = PBXFileReference; lastKnownFileType = sourcecode.rez; name = segment_anisotropy.R; path = ../R/segment_anisotropy.R; sourceTree = SOURCE_ROOT; };
		831AB5813076F9C600E81988 /* segment_decimation.R */ = {isa = PBXFileReference; lastKnownFileType = sourcecode.rez; name = segment_decimation.R; path = ../R/segment_decimation.R; sourceTree = SOURCE_ROOT; };
		831AB5823076F9C600E81988 /* segment_flag.R */ = {isa = PBXFileReference; lastKnownFileType = sourcecode.rez; name = segment_flag.R; path = ../R/segment_flag.R; sourceTree = SOURCE_ROOT; };
		831AB5833076F9C600E81988 /* segment_ground.R */ = {isa = PBXFileReference; lastKnownFileType = sourcecode.rez; name = segment_ground.R; path = ../R/segment_ground.R; sourceTree = SOURCE_ROOT; };
		831AB5843076F9C600E81988 /* segment_instance.R */ = {isa = PBXFileReference; lastKnownFileType = sourcecode.rez; name = segment_instance.R; path = ../R/segment_instance.R; sourceTree = SOURCE_ROOT; };
		831AB5853076F9C600E81988 /* segment_overfitting.R */ = {isa = PBXFileReference; lastKnownFileType = sourcecode.rez; name = segment_overfitting.R; path = ../R/segment_overfitting.R; sourceTree = SOURCE_ROOT; };
		831AB5863076F9C600E81988 /* segment_plot.R */ = {isa = PBXFileReference; lastKnownFileType = sourcecode.rez; name = segment_plot.R; path = ../R/segment_plot.R; sourceTree = SOURCE_ROOT; };
		831AB5873076F9C600E81988 /* segment_range_filter.R */ = {isa = PBXFileReference; lastKnownFileType = sourcecode.rez; name = segment_range_filter.R; path = ../R/segment_range_filter.R; sourceTree = SOURCE_ROOT; };
		831AB5883076F9C600E81988 /* segment_semantic.R */ = {isa = PBXFileReference; lastKnownFileType = sourcecode.rez; name = segment_semantic.R; path = ../R/segment_semantic.R; sourceTree = SOURCE_ROOT; };
		831AB5893076F9C600E81988 /* segment_transfert_attributes.R */ = {isa = PBXFileReference; lastKnownFileType = sourcecode.rez; name = segment_transfert_attributes.R; path = ../R/segment_transfert_attributes.R; sourceTree = SOURCE_ROOT; };
		84D05EC33990322CCF69CAF2 /* fitting_polynomial.h */ = {isa = PBXFileReference; lastKnownFileType = sourcecode.c.h; path = fitting_polynomial.h; sourceTree = "<group>"; };
		86B9884FD8DF8DB0E7DCD64B /* ransac.h */ = {isa = PBXFileReference; lastKnownFileType = sourcecode.c.h; path = ransac.h; sourceTree = "<group>"; };
		8CFEFBFF47E2098B00CC5937 /* QSM_write.cpp */ = {isa = PBXFileReference; lastKnownFileType = sourcecode.cpp.cpp; path = QSM_write.cpp; sourceTree = "<group>"; };
		8D4D01E02071B081A0BD4A43 /* hporro/geometry.h */ = {isa = PBXFileReference; lastKnownFileType = sourcecode.c.h; path = hporro/geometry.h; sourceTree = "<group>"; };
		8DA265680FF9BC7F789667AD /* PointCloudBase.h */ = {isa = PBXFileReference; lastKnownFileType = sourcecode.c.h; path = PointCloudBase.h; sourceTree = "<group>"; };
		8ED5244D47A3B11D7DAAE276 /* fitting_circle.cpp */ = {isa = PBXFileReference; lastKnownFileType = sourcecode.cpp.cpp; path = fitting_circle.cpp; sourceTree = "<group>"; };
		903A83EBC6AE0959CA695700 /* hporro/delaunay.cpp */ = {isa = PBXFileReference; lastKnownFileType = sourcecode.cpp.cpp; path = hporro/delaunay.cpp; sourceTree = "<group>"; };
		919E4DA7C2187B0A39098AB3 /* QSM_utils.cpp */ = {isa = PBXFileReference; lastKnownFileType = sourcecode.cpp.cpp; path = QSM_utils.cpp; sourceTree = "<group>"; };
		91DFA56D49AFEDBB42FE1612 /* allometry.cpp */ = {isa = PBXFileReference; lastKnownFileType = sourcecode.cpp.cpp; path = allometry.cpp; sourceTree = "<group>"; };
		922EE2663BE87693C2AC1B32 /* segment_instance_api.cpp */ = {isa = PBXFileReference; lastKnownFileType = sourcecode.cpp.cpp; path = segment_instance_api.cpp; sourceTree = "<group>"; };
		9B69639825097B0B9378C404 /* services.h */ = {isa = PBXFileReference; lastKnownFileType = sourcecode.c.h; path = services.h; sourceTree = "<group>"; };
		9C3234AC768BF8C457252810 /* allometry.h */ = {isa = PBXFileReference; lastKnownFileType = sourcecode.c.h; path = allometry.h; sourceTree = "<group>"; };
		A2D5BF2D188B6F32A5940BD2 /* libqsf/libqsf.h */ = {isa = PBXFileReference; lastKnownFileType = sourcecode.c.h; path = libqsf/libqsf.h; sourceTree = "<group>"; };
		A6BA278B304B6A5F18F4C28B /* homogeneization.cpp */ = {isa = PBXFileReference; lastKnownFileType = sourcecode.cpp.cpp; path = homogeneization.cpp; sourceTree = "<group>"; };
		AD561A9BBC40E44F698B2C35 /* ptd/PTD.h */ = {isa = PBXFileReference; lastKnownFileType = sourcecode.c.h; path = ptd/PTD.h; sourceTree = "<group>"; };
		AE2415B354FF0A1E5D9AEB61 /* dbscan/dbscan.cpp */ = {isa = PBXFileReference; lastKnownFileType = sourcecode.cpp.cpp; path = dbscan/dbscan.cpp; sourceTree = "<group>"; };
		B070F227C399B6C33F785AFA /* QSMbuilder_radius.cpp */ = {isa = PBXFileReference; lastKnownFileType = sourcecode.cpp.cpp; path = QSMbuilder_radius.cpp; sourceTree = "<group>"; };
		B19DB2589EC731DCAA06E5DD /* ransac.cpp */ = {isa = PBXFileReference; lastKnownFileType = sourcecode.cpp.cpp; path = ransac.cpp; sourceTree = "<group>"; };
		B47368ED9F33DDB71CA968FC /* Grid3D.cpp */ = {isa = PBXFileReference; lastKnownFileType = sourcecode.cpp.cpp; path = Grid3D.cpp; sourceTree = "<group>"; };
		B47EF62739E3BC1E474D1895 /* Grid3D.h */ = {isa = PBXFileReference; lastKnownFileType = sourcecode.c.h; path = Grid3D.h; sourceTree = "<group>"; };
		B6B73BD300E65DD5B5FE8233 /* QSMbuilder_pipemodel.cpp */ = {isa = PBXFileReference; lastKnownFileType = sourcecode.cpp.cpp; path = QSMbuilder_pipemodel.cpp; sourceTree = "<group>"; };
		C2407450C755EC30CD95889A /* hporro/pred3d.cpp */ = {isa = PBXFileReference; lastKnownFileType = sourcecode.cpp.cpp; path = hporro/pred3d.cpp; sourceTree = "<group>"; };
		C3424D0CAF4C6B6902BB4352 /* QSF.cpp */ = {isa = PBXFileReference; lastKnownFileType = sourcecode.cpp.cpp; path = QSF.cpp; sourceTree = "<group>"; };
		C72E0CE3273B4BBE9CE4C959 /* segment_semantic_api.cpp */ = {isa = PBXFileReference; lastKnownFileType = sourcecode.cpp.cpp; path = segment_semantic_api.cpp; sourceTree = "<group>"; };
		C89FA3175B0421D409E31D3A /* QSMbuilder_utils.cpp */ = {isa = PBXFileReference; lastKnownFileType = sourcecode.cpp.cpp; path = QSMbuilder_utils.cpp; sourceTree = "<group>"; };
		C90A448D82F1F0BB91BD4FF8 /* SeedDetector.cpp */ = {isa = PBXFileReference; lastKnownFileType = sourcecode.cpp.cpp; path = SeedDetector.cpp; sourceTree = "<group>"; };
		CD40412233BF346029301C4E /* QSMbuilder.h */ = {isa = PBXFileReference; lastKnownFileType = sourcecode.c.h; path = QSMbuilder.h; sourceTree = "<group>"; };
		CF27F77CE2690213F200C148 /* dbscan/dbscan.hpp */ = {isa = PBXFileReference; lastKnownFileType = sourcecode.cpp.h; path = dbscan/dbscan.hpp; sourceTree = "<group>"; };
		CFCA3E17B0054FE06D08E13B /* fitting_orbicular.cpp */ = {isa = PBXFileReference; lastKnownFileType = sourcecode.cpp.cpp; path = fitting_orbicular.cpp; sourceTree = "<group>"; };
		D2BDD56776D4630FBC194B85 /* QSMbuilder.cpp */ = {isa = PBXFileReference; lastKnownFileType = sourcecode.cpp.cpp; path = QSMbuilder.cpp; sourceTree = "<group>"; };
		D5B17DBB068791B11E9475D5 /* fitting_multicircle.cpp */ = {isa = PBXFileReference; lastKnownFileType = sourcecode.cpp.cpp; path = fitting_multicircle.cpp; sourceTree = "<group>"; };
		D9179D17F1A9A9BB06DDB00D /* fitting_orbicular.h */ = {isa = PBXFileReference; lastKnownFileType = sourcecode.c.h; path = fitting_orbicular.h; sourceTree = "<group>"; };
		D929B2DD6D90F112620FF9F1 /* nanoflann.h */ = {isa = PBXFileReference; lastKnownFileType = sourcecode.c.h; path = nanoflann.h; sourceTree = "<group>"; };
		D97C760A97C87D643DA3EE2F /* fitting_polynomial.cpp */ = {isa = PBXFileReference; lastKnownFileType = sourcecode.cpp.cpp; path = fitting_polynomial.cpp; sourceTree = "<group>"; };
		DB302EAB6E523F1A5E41BA5A /* SeedDetector_circle.cpp */ = {isa = PBXFileReference; lastKnownFileType = sourcecode.cpp.cpp; path = SeedDetector_circle.cpp; sourceTree = "<group>"; };
		DC724225F53D6FEB0361635B /* fitting_fourier.h */ = {isa = PBXFileReference; lastKnownFileType = sourcecode.c.h; path = fitting_fourier.h; sourceTree = "<group>"; };
		DCE65ECDF31632CED5CE1F77 /* DirectedGraph.h */ = {isa = PBXFileReference; lastKnownFileType = sourcecode.c.h; path = DirectedGraph.h; sourceTree = "<group>"; };
		DD007AAFFE657B69F78CDD40 /* arbor-link */ = {isa = PBXFileReference; explicitFileType = "compiled.mach-o.executable"; includeInIndex = 0; path = "arbor-link"; sourceTree = BUILT_PRODUCTS_DIR; };
		DEF0277ACF443F3C0A982DC8 /* fitting_fourier.cpp */ = {isa = PBXFileReference; lastKnownFileType = sourcecode.cpp.cpp; path = fitting_fourier.cpp; sourceTree = "<group>"; };
		E2C5FDEC280B6FFDBD2D8037 /* hporro/pred3d.h */ = {isa = PBXFileReference; lastKnownFileType = sourcecode.c.h; path = hporro/pred3d.h; sourceTree = "<group>"; };
		EAF57CB1AB118B0124FA87C4 /* PointCloudDataFrame.cpp */ = {isa = PBXFileReference; lastKnownFileType = sourcecode.cpp.cpp; path = PointCloudDataFrame.cpp; sourceTree = "<group>"; };
		EC0560D7A5363CD3EEA176EC /* QSM_mesh.cpp */ = {isa = PBXFileReference; lastKnownFileType = sourcecode.cpp.cpp; path = QSM_mesh.cpp; sourceTree = "<group>"; };
		EF999EBB9480BFD02229C2D9 /* Graph.cpp */ = {isa = PBXFileReference; lastKnownFileType = sourcecode.cpp.cpp; path = Graph.cpp; sourceTree = "<group>"; };
		F54075B383346589CCEBE011 /* progressbar.cpp */ = {isa = PBXFileReference; lastKnownFileType = sourcecode.cpp.cpp; path = progressbar.cpp; sourceTree = "<group>"; };
		F728C2A2BFAE1B1B642E1BD7 /* QSMbuilder_butt.cpp */ = {isa = PBXFileReference; lastKnownFileType = sourcecode.cpp.cpp; path = QSMbuilder_butt.cpp; sourceTree = "<group>"; };
		FEEE25B6BDF424A326DDE4A5 /* qsm_api.cpp */ = {isa = PBXFileReference; lastKnownFileType = sourcecode.cpp.cpp; path = qsm_api.cpp; sourceTree = "<group>"; };
		B9A73BFF3E014EE19540FBD4 /* Allometry.swift */ = {isa = PBXFileReference; lastKnownFileType = sourcecode.swift; path = Allometry.swift; sourceTree = "<group>"; };
		1F5CA6900ABA403AAA93DB29 /* ArborError.swift */ = {isa = PBXFileReference; lastKnownFileType = sourcecode.swift; path = ArborError.swift; sourceTree = "<group>"; };
		0A9D466B91B446C98F199377 /* Colorize.swift */ = {isa = PBXFileReference; lastKnownFileType = sourcecode.swift; path = Colorize.swift; sourceTree = "<group>"; };
		A92E59EA16354FE7A8DCB271 /* Engine.swift */ = {isa = PBXFileReference; lastKnownFileType = sourcecode.swift; path = Engine.swift; sourceTree = "<group>"; };
		B2AB17614ABB4761942F0773 /* Experimental.swift */ = {isa = PBXFileReference; lastKnownFileType = sourcecode.swift; path = Experimental.swift; sourceTree = "<group>"; };
		A782C1C6DB2543CFBBDDE7BC /* Flags.swift */ = {isa = PBXFileReference; lastKnownFileType = sourcecode.swift; path = Flags.swift; sourceTree = "<group>"; };
		A0B3CFC299684062BDBADE8A /* Homogeneization.swift */ = {isa = PBXFileReference; lastKnownFileType = sourcecode.swift; path = Homogeneization.swift; sourceTree = "<group>"; };
		1EAECC1B957A4605914112B0 /* Oversegmentation.swift */ = {isa = PBXFileReference; lastKnownFileType = sourcecode.swift; path = Oversegmentation.swift; sourceTree = "<group>"; };
		AA176F73CBB9418F9C36501D /* Parameters.swift */ = {isa = PBXFileReference; lastKnownFileType = sourcecode.swift; path = Parameters.swift; sourceTree = "<group>"; };
		6D63E6AA508847DEBC750ED4 /* PointCloud.swift */ = {isa = PBXFileReference; lastKnownFileType = sourcecode.swift; path = PointCloud.swift; sourceTree = "<group>"; };
		08BC377C94A242CEBC0437AC /* QSF.swift */ = {isa = PBXFileReference; lastKnownFileType = sourcecode.swift; path = QSF.swift; sourceTree = "<group>"; };
		D42876BE83DD4A4BB57BBA6E /* QSFFilter.swift */ = {isa = PBXFileReference; lastKnownFileType = sourcecode.swift; path = QSFFilter.swift; sourceTree = "<group>"; };
		0EE2ED4B884A46879B3DDE74 /* QSFIO.swift */ = {isa = PBXFileReference; lastKnownFileType = sourcecode.swift; path = QSFIO.swift; sourceTree = "<group>"; };
		10506A50F2774030A4F562AB /* QSFLog.swift */ = {isa = PBXFileReference; lastKnownFileType = sourcecode.swift; path = QSFLog.swift; sourceTree = "<group>"; };
		25FCF2974A1047008E1B6AE9 /* QSM.swift */ = {isa = PBXFileReference; lastKnownFileType = sourcecode.swift; path = QSM.swift; sourceTree = "<group>"; };
		D065265BC3754EADA7765DDC /* QSMDBH.swift */ = {isa = PBXFileReference; lastKnownFileType = sourcecode.swift; path = QSMDBH.swift; sourceTree = "<group>"; };
		278969490432495CABC1AD5B /* QSMIO.swift */ = {isa = PBXFileReference; lastKnownFileType = sourcecode.swift; path = QSMIO.swift; sourceTree = "<group>"; };
		5CC517E9D28843318755138C /* QSMStats.swift */ = {isa = PBXFileReference; lastKnownFileType = sourcecode.swift; path = QSMStats.swift; sourceTree = "<group>"; };
		DE42D7E4C9CD49F6B367EAD1 /* QSMSubset.swift */ = {isa = PBXFileReference; lastKnownFileType = sourcecode.swift; path = QSMSubset.swift; sourceTree = "<group>"; };
		6FBB3C2AC1344FA4A664BE03 /* QSMTools.swift */ = {isa = PBXFileReference; lastKnownFileType = sourcecode.swift; path = QSMTools.swift; sourceTree = "<group>"; };
		333B881713C2425A9A107012 /* Range.swift */ = {isa = PBXFileReference; lastKnownFileType = sourcecode.swift; path = Range.swift; sourceTree = "<group>"; };
		32D3B52E7DF548BDB3323666 /* Seeds.swift */ = {isa = PBXFileReference; lastKnownFileType = sourcecode.swift; path = Seeds.swift; sourceTree = "<group>"; };
		DD8B12BA87EB4FC4A5024D8B /* SegmentGround.swift */ = {isa = PBXFileReference; lastKnownFileType = sourcecode.swift; path = SegmentGround.swift; sourceTree = "<group>"; };
		408FDC03E5BB4C8F9FCD7677 /* SegmentInstance.swift */ = {isa = PBXFileReference; lastKnownFileType = sourcecode.swift; path = SegmentInstance.swift; sourceTree = "<group>"; };
		8E4B29CFB9F04DB48F84A6A9 /* SegmentSemantic.swift */ = {isa = PBXFileReference; lastKnownFileType = sourcecode.swift; path = SegmentSemantic.swift; sourceTree = "<group>"; };
		E1C7AE0EBD1F42589D550BD0 /* Transfer.swift */ = {isa = PBXFileReference; lastKnownFileType = sourcecode.swift; path = Transfer.swift; sourceTree = "<group>"; };
		4F2BC8A26B3C44D7AE91B740 /* WoodLikelihood.swift */ = {isa = PBXFileReference; lastKnownFileType = sourcecode.swift; path = WoodLikelihood.swift; sourceTree = "<group>"; };
		04016CD0A5364D2EA3B95FB7 /* Arbor.framework */ = {isa = PBXFileReference; explicitFileType = wrapper.framework; includeInIndex = 0; path = Arbor.framework; sourceTree = BUILT_PRODUCTS_DIR; };
/* End PBXFileReference section */

/* Begin PBXFrameworksBuildPhase section */
		A22C00020000000000000006 /* Frameworks */ = {
			isa = PBXFrameworksBuildPhase;
			buildActionMask = 2147483647;
			files = (
				A22C00020000000000000004 /* Arbor.framework in Frameworks */,
			);
			runOnlyForDeploymentPostprocessing = 0;
		};
		A11B00010000000000000007 /* Frameworks */ = {
			isa = PBXFrameworksBuildPhase;
			buildActionMask = 2147483647;
			files = (
				A11B00010000000000000005 /* libArborCore.a in Frameworks */,
			);
			runOnlyForDeploymentPostprocessing = 0;
		};
		BD80B4108AE7D05364B48A52 /* Frameworks */ = {
			isa = PBXFrameworksBuildPhase;
			buildActionMask = 2147483647;
			files = (
				F3D360707E47E21F23FE371D /* libArborCore.a in Frameworks */,
			);
			runOnlyForDeploymentPostprocessing = 0;
		};
		F94563BEB1A2B899941C7DF3 /* Frameworks */ = {
			isa = PBXFrameworksBuildPhase;
			buildActionMask = 2147483647;
			files = (
			);
			runOnlyForDeploymentPostprocessing = 0;
		};
/* End PBXFrameworksBuildPhase section */

/* Begin PBXGroup section */
		049092222BDEFF38C58D6C5B /* utils */ = {
			isa = PBXGroup;
			children = (
				91DFA56D49AFEDBB42FE1612 /* allometry.cpp */,
				9C3234AC768BF8C457252810 /* allometry.h */,
				52202A033391BFEFC51C42A7 /* anisotopy.cpp */,
				B47368ED9F33DDB71CA968FC /* Grid3D.cpp */,
				B47EF62739E3BC1E474D1895 /* Grid3D.h */,
				A6BA278B304B6A5F18F4C28B /* homogeneization.cpp */,
				2ADC1023C50BBB9F73458F4A /* knn.cpp */,
				F54075B383346589CCEBE011 /* progressbar.cpp */,
				38838A90AA6A4FCF9F91355C /* progressbar.h */,
				B19DB2589EC731DCAA06E5DD /* ransac.cpp */,
				86B9884FD8DF8DB0E7DCD64B /* ransac.h */,
				026D714E88A8879F2723DF05 /* services.cpp */,
				9B69639825097B0B9378C404 /* services.h */,
				3F37A5E9BE084D7938C0A07F /* smooth3d.cpp */,
				1394936DD73325AC60319D86 /* sor.cpp */,
			);
			path = utils;
			sourceTree = "<group>";
		};
		0687D3BAF66205D5358431EF /* dtm */ = {
			isa = PBXGroup;
			children = (
				314609E1011070E60855BAFC /* dtm.cpp */,
			);
			path = dtm;
			sourceTree = "<group>";
		};
		0FD8B48A5D3FBFDBBDBDFDF7 /* qsf */ = {
			isa = PBXGroup;
			children = (
				C3424D0CAF4C6B6902BB4352 /* QSF.cpp */,
				205553C254A8E6E623EB265D /* QSF.h */,
				692D5D09479FF731E45486B4 /* qsf_api.cpp */,
			);
			path = qsf;
			sourceTree = "<group>";
		};
		17523129882930694C0E3D2F /* pointcloud */ = {
			isa = PBXGroup;
			children = (
				13E925E9D74ADA42807EC991 /* PointCloud.h */,
				8DA265680FF9BC7F789667AD /* PointCloudBase.h */,
				EAF57CB1AB118B0124FA87C4 /* PointCloudDataFrame.cpp */,
				3B557EE27D47CEA63CD3DDF0 /* PointCloudDataFrame.h */,
				696BFEFC22DDE76F319C0AF0 /* PointCloudDefault.cpp */,
				63FFA1E337122582AC2BCADB /* PointCloudDefault.h */,
			);
			path = pointcloud;
			sourceTree = "<group>";
		};
		2275A5DDEE787E2A8998D23F /* seed */ = {
			isa = PBXGroup;
			children = (
				6D6E52A3A38B39E6FF741151 /* find_seeds_api.cpp */,
				C90A448D82F1F0BB91BD4FF8 /* SeedDetector.cpp */,
				4E3812E3F12DF4EE4DB1C2F0 /* SeedDetector.h */,
				0F37D0627DE53CDD7D657066 /* SeedDetector_cage.cpp */,
				DB302EAB6E523F1A5E41BA5A /* SeedDetector_circle.cpp */,
			);
			path = seed;
			sourceTree = "<group>";
		};
		25B44862C83DC01A9A3037BE /* segment */ = {
			isa = PBXGroup;
			children = (
				EF999EBB9480BFD02229C2D9 /* Graph.cpp */,
				0F3D519451D1E53F6F5EF0E5 /* Graph.h */,
				5C851A12845D8A0BF170FF3F /* GraphBuilder.cpp */,
				1155926E0A1B4170E0DB6C6B /* GraphBuilder.h */,
				7DC5C8F30EAA57BDB4EED03B /* segment_ground_api.cpp */,
				922EE2663BE87693C2AC1B32 /* segment_instance_api.cpp */,
				2907600F89D6397DBD678718 /* segment_overfitting.cpp */,
				1032DC882EF037BA399CF72E /* segment_overfitting.h */,
				C72E0CE3273B4BBE9CE4C959 /* segment_semantic_api.cpp */,
			);
			path = segment;
			sourceTree = "<group>";
		};
		33FABCE43864BA16A96C1CB2 /* driver */ = {
			isa = PBXGroup;
			children = (
				5B5AF546BF1E9276F1957143 /* main.cpp */,
			);
			path = driver;
			sourceTree = "<group>";
		};
		3744A8AC8407E3A49BABC700 /* qsm */ = {
			isa = PBXGroup;
			children = (
				DCE65ECDF31632CED5CE1F77 /* DirectedGraph.h */,
				0792ACBC88206F4C63BC3B27 /* QSM.h */,
				FEEE25B6BDF424A326DDE4A5 /* qsm_api.cpp */,
				EC0560D7A5363CD3EEA176EC /* QSM_mesh.cpp */,
				25A47D27D10F054B60E91E4E /* QSM_read.cpp */,
				919E4DA7C2187B0A39098AB3 /* QSM_utils.cpp */,
				8CFEFBFF47E2098B00CC5937 /* QSM_write.cpp */,
				D2BDD56776D4630FBC194B85 /* QSMbuilder.cpp */,
				CD40412233BF346029301C4E /* QSMbuilder.h */,
				3EE373AE64CDF9578BBDDCD7 /* QSMbuilder_architecture.cpp */,
				F728C2A2BFAE1B1B642E1BD7 /* QSMbuilder_butt.cpp */,
				4C91148FE8DC5F1DC202B455 /* QSMbuilder_cluster.cpp */,
				633B6133215522EBE4D883EE /* QSMbuilder_dist2root.cpp */,
				B6B73BD300E65DD5B5FE8233 /* QSMbuilder_pipemodel.cpp */,
				6E78E4A89C5BAB2305A39CB0 /* QSMbuilder_prolongation.cpp */,
				B070F227C399B6C33F785AFA /* QSMbuilder_radius.cpp */,
				462352664CFF30FBBA2CB321 /* QSMbuilder_skeleton.cpp */,
				6FD86CCEEC83F6C914C1FDC0 /* QSMbuilder_smooth.cpp */,
				C89FA3175B0421D409E31D3A /* QSMbuilder_utils.cpp */,
			);
			path = qsm;
			sourceTree = "<group>";
		};
		66CE9ED0811B0F93017DAB23 /* nanoflann */ = {
			isa = PBXGroup;
			children = (
				D929B2DD6D90F112620FF9F1 /* nanoflann.h */,
			);
			path = nanoflann;
			sourceTree = "<group>";
		};
		7CA717BB92B68E6C1804339E /* fitting */ = {
			isa = PBXGroup;
			children = (
				60B8C7252ADE769AB6EF8DF1 /* fitting.h */,
				8ED5244D47A3B11D7DAAE276 /* fitting_circle.cpp */,
				118EAC836680786E3D0B8C5C /* fitting_circle.h */,
				1E26D31A65D0D5131F9AEB56 /* fitting_circle_math.h */,
				3EEEAA249927EC385CF25074 /* fitting_criteria.h */,
				29D479C3229E77CAA7272F2C /* fitting_ellipse.cpp */,
				681D357F0CEAE07EB0C657BA /* fitting_ellipse.h */,
				DEF0277ACF443F3C0A982DC8 /* fitting_fourier.cpp */,
				DC724225F53D6FEB0361635B /* fitting_fourier.h */,
				D5B17DBB068791B11E9475D5 /* fitting_multicircle.cpp */,
				05588C645277320720397D35 /* fitting_multicircle.h */,
				CFCA3E17B0054FE06D08E13B /* fitting_orbicular.cpp */,
				D9179D17F1A9A9BB06DDB00D /* fitting_orbicular.h */,
				D97C760A97C87D643DA3EE2F /* fitting_polynomial.cpp */,
				84D05EC33990322CCF69CAF2 /* fitting_polynomial.h */,
				600701342314B5082DACBFDD /* fitting_quality.h */,
				232CD4DD40A017C53605DD2B /* fitting_strategy.h */,
				20E50E2099654EC4BC52B3D6 /* fitting_types.h */,
			);
			path = fitting;
			sourceTree = "<group>";
		};
		82E6132B01BCF6FA94646178 /* vendor */ = {
			isa = PBXGroup;
			children = (
				AE2415B354FF0A1E5D9AEB61 /* dbscan/dbscan.cpp */,
				CF27F77CE2690213F200C148 /* dbscan/dbscan.hpp */,
				336A38C5886A1EC6EC1867B8 /* hporro/constants.h */,
				903A83EBC6AE0959CA695700 /* hporro/delaunay.cpp */,
				45EDD30F545B378287ABB626 /* hporro/delaunay.h */,
				8D4D01E02071B081A0BD4A43 /* hporro/geometry.h */,
				62F6E638BA3FF2F81FFD0825 /* hporro/index.cpp */,
				73CE633F3D94FE8C09802151 /* hporro/index.h */,
				C2407450C755EC30CD95889A /* hporro/pred3d.cpp */,
				E2C5FDEC280B6FFDBD2D8037 /* hporro/pred3d.h */,
				5CAD29F6614BE4EC6A4310FC /* libqsf/libqsf.cpp */,
				A2D5BF2D188B6F32A5940BD2 /* libqsf/libqsf.h */,
				3A0F15AF92D8E8619C927043 /* libqsm/libqsm.cpp */,
				19784082BF892E72C0EDB38E /* libqsm/libqsm.h */,
				6E08393A5D315F827027F598 /* ptd/PTD.cpp */,
				AD561A9BBC40E44F698B2C35 /* ptd/PTD.h */,
			);
			path = vendor;
			sourceTree = "<group>";
		};
		831AB56F3076F71600E81988 /* R */ = {
			isa = PBXGroup;
			children = (
				831AB5713076F93200E81988 /* allometry.R */,
				831AB5723076F93200E81988 /* arbor_experimental.R */,
				831AB5733076F93200E81988 /* arbor_parameters.R */,
				831AB5743076F93200E81988 /* crs.R */,
				831AB5753076F93200E81988 /* qsf.R */,
				831AB5763076F93200E81988 /* qsf_filter.R */,
				831AB5773076F93200E81988 /* qsf_io.R */,
				831AB5783076F93200E81988 /* qsf_log.R */,
				831AB5793076F96D00E81988 /* qsm.R */,
				831AB57A3076F96D00E81988 /* qsm_dbh.R */,
				831AB57B3076F96D00E81988 /* qsm_io.R */,
				831AB57C3076F96D00E81988 /* qsm_stat.R */,
				831AB57D3076F96D00E81988 /* qsm_subset.R */,
				831AB57E3076F96D00E81988 /* qsm_tools.R */,
				831AB57F3076F9C600E81988 /* seeds_find.R */,
				831AB5803076F9C600E81988 /* segment_anisotropy.R */,
				831AB5813076F9C600E81988 /* segment_decimation.R */,
				831AB5823076F9C600E81988 /* segment_flag.R */,
				831AB5833076F9C600E81988 /* segment_ground.R */,
				831AB5843076F9C600E81988 /* segment_instance.R */,
				831AB5853076F9C600E81988 /* segment_overfitting.R */,
				831AB5863076F9C600E81988 /* segment_plot.R */,
				831AB5873076F9C600E81988 /* segment_range_filter.R */,
				831AB5883076F9C600E81988 /* segment_semantic.R */,
				831AB5893076F9C600E81988 /* segment_transfert_attributes.R */,
			);
			path = R;
			sourceTree = "<group>";
		};
		870B3294C0CBD48AF6BBCC1B = {
			isa = PBXGroup;
			children = (
				A2946AB624CDB6BE061A1AC0 /* src */,
				33FABCE43864BA16A96C1CB2 /* driver */,
				A11B00010000000000000006 /* bridge */,
				C4E1F6E515E84CE7ACCD34B2 /* Arbor */,
				A22C00020000000000000007 /* ArborTests */,
				831AB56F3076F71600E81988 /* R */,
				FBDC4F23F93125BBEEAE800C /* Products */,
			);
			sourceTree = "<group>";
		};
		A2946AB624CDB6BE061A1AC0 /* src */ = {
			isa = PBXGroup;
			children = (
				5E2F323A4E503EBC6D748BD3 /* myomp.h */,
				E7C2EE298C8006F9B71A3C8C /* api */,
				0687D3BAF66205D5358431EF /* dtm */,
				7CA717BB92B68E6C1804339E /* fitting */,
				66CE9ED0811B0F93017DAB23 /* nanoflann */,
				17523129882930694C0E3D2F /* pointcloud */,
				0FD8B48A5D3FBFDBBDBDFDF7 /* qsf */,
				3744A8AC8407E3A49BABC700 /* qsm */,
				2275A5DDEE787E2A8998D23F /* seed */,
				25B44862C83DC01A9A3037BE /* segment */,
				049092222BDEFF38C58D6C5B /* utils */,
				82E6132B01BCF6FA94646178 /* vendor */,
			);
			name = src;
			path = ../src;
			sourceTree = "<group>";
		};
		E7C2EE298C8006F9B71A3C8C /* api */ = {
			isa = PBXGroup;
			children = (
				10825670E467B3EAA2357C60 /* arbor.h */,
			);
			path = api;
			sourceTree = "<group>";
		};
		FBDC4F23F93125BBEEAE800C /* Products */ = {
			isa = PBXGroup;
			children = (
				723E73F5B8DEC41D3AEE030C /* libArborCore.a */,
				DD007AAFFE657B69F78CDD40 /* arbor-link */,
				04016CD0A5364D2EA3B95FB7 /* Arbor.framework */,
				A22C00020000000000000003 /* ArborTests.xctest */,
			);
			name = Products;
			sourceTree = "<group>";
		};
		A11B00010000000000000006 /* bridge */ = {
			isa = PBXGroup;
			children = (
				A11B00010000000000000001 /* arbor_bridge.cpp */,
				A11B00010000000000000002 /* arbor_bridge.h */,
				A11B00010000000000000003 /* module.modulemap */,
			);
			path = bridge;
			sourceTree = "<group>";
		};
		A22C00020000000000000007 /* ArborTests */ = {
			isa = PBXGroup;
			children = (
				A22C00020000000000000001 /* PipelineTests.swift */,
			);
			path = ArborTests;
			sourceTree = "<group>";
		};
		C4E1F6E515E84CE7ACCD34B2 /* Arbor */ = {
			isa = PBXGroup;
			children = (
				B9A73BFF3E014EE19540FBD4 /* Allometry.swift */,
				A11B00010000000000000011 /* Bridge.swift */,
				1F5CA6900ABA403AAA93DB29 /* ArborError.swift */,
				0A9D466B91B446C98F199377 /* Colorize.swift */,
				A92E59EA16354FE7A8DCB271 /* Engine.swift */,
				B2AB17614ABB4761942F0773 /* Experimental.swift */,
				A782C1C6DB2543CFBBDDE7BC /* Flags.swift */,
				A0B3CFC299684062BDBADE8A /* Homogeneization.swift */,
				1EAECC1B957A4605914112B0 /* Oversegmentation.swift */,
				AA176F73CBB9418F9C36501D /* Parameters.swift */,
				6D63E6AA508847DEBC750ED4 /* PointCloud.swift */,
				08BC377C94A242CEBC0437AC /* QSF.swift */,
				D42876BE83DD4A4BB57BBA6E /* QSFFilter.swift */,
				0EE2ED4B884A46879B3DDE74 /* QSFIO.swift */,
				10506A50F2774030A4F562AB /* QSFLog.swift */,
				25FCF2974A1047008E1B6AE9 /* QSM.swift */,
				D065265BC3754EADA7765DDC /* QSMDBH.swift */,
				278969490432495CABC1AD5B /* QSMIO.swift */,
				5CC517E9D28843318755138C /* QSMStats.swift */,
				DE42D7E4C9CD49F6B367EAD1 /* QSMSubset.swift */,
				6FBB3C2AC1344FA4A664BE03 /* QSMTools.swift */,
				333B881713C2425A9A107012 /* Range.swift */,
				32D3B52E7DF548BDB3323666 /* Seeds.swift */,
				DD8B12BA87EB4FC4A5024D8B /* SegmentGround.swift */,
				408FDC03E5BB4C8F9FCD7677 /* SegmentInstance.swift */,
				8E4B29CFB9F04DB48F84A6A9 /* SegmentSemantic.swift */,
				E1C7AE0EBD1F42589D550BD0 /* Transfer.swift */,
				4F2BC8A26B3C44D7AE91B740 /* WoodLikelihood.swift */,
			);
			path = Arbor;
			sourceTree = "<group>";
		};
/* End PBXGroup section */

/* Begin PBXNativeTarget section */
		5E785D27BEE03D67EB88DFF0 /* ArborCore */ = {
			isa = PBXNativeTarget;
			buildConfigurationList = AC72F6C9832B156B9C22AB90 /* Build configuration list for PBXNativeTarget "ArborCore" */;
			buildPhases = (
				4BEB3E1DD7B743C26068D320 /* Sources */,
				F94563BEB1A2B899941C7DF3 /* Frameworks */,
			);
			buildRules = (
			);
			dependencies = (
			);
			name = ArborCore;
			productName = ArborCore;
			productReference = 723E73F5B8DEC41D3AEE030C /* libArborCore.a */;
			productType = "com.apple.product-type.library.static";
		};
		AA70E9F7B86E12482D6DF09B /* arbor-link */ = {
			isa = PBXNativeTarget;
			buildConfigurationList = 7E3AAD4394BF56D51E08F708 /* Build configuration list for PBXNativeTarget "arbor-link" */;
			buildPhases = (
				16B06D547CD8E41B720BA307 /* Sources */,
				BD80B4108AE7D05364B48A52 /* Frameworks */,
			);
			buildRules = (
			);
			dependencies = (
				5F62427B1141A61A4C075B82 /* PBXTargetDependency */,
			);
			name = "arbor-link";
			productName = "arbor-link";
			productReference = DD007AAFFE657B69F78CDD40 /* arbor-link */;
			productType = "com.apple.product-type.tool";
		};
		4CC7183BB7924C78B7AFDBBE /* Arbor */ = {
			isa = PBXNativeTarget;
			buildConfigurationList = 6F16307E73AD48D9A1A70741 /* Build configuration list for PBXNativeTarget "Arbor" */;
			buildPhases = (
				00E9313EA3A7409F94DDC009 /* Sources */,
				A11B00010000000000000007 /* Frameworks */,
			);
			buildRules = (
			);
			dependencies = (
				A11B00010000000000000008 /* PBXTargetDependency */,
			);
			name = Arbor;
			productName = Arbor;
			productReference = 04016CD0A5364D2EA3B95FB7 /* Arbor.framework */;
			productType = "com.apple.product-type.framework";
		};
		A22C00020000000000000008 /* ArborTests */ = {
			isa = PBXNativeTarget;
			buildConfigurationList = A22C0002000000000000000D /* Build configuration list for PBXNativeTarget "ArborTests" */;
			buildPhases = (
				A22C00020000000000000005 /* Sources */,
				A22C00020000000000000006 /* Frameworks */,
			);
			buildRules = (
			);
			dependencies = (
				A22C00020000000000000009 /* PBXTargetDependency */,
			);
			name = ArborTests;
			productName = ArborTests;
			productReference = A22C00020000000000000003 /* ArborTests.xctest */;
			productType = "com.apple.product-type.bundle.unit-test";
		};
/* End PBXNativeTarget section */

/* Begin PBXProject section */
		98F54143AB4E86B28C3AFEE0 /* Project object */ = {
			isa = PBXProject;
			attributes = {
				BuildIndependentTargetsInParallel = 1;
				LastUpgradeCheck = 2700;
			};
			buildConfigurationList = C74034AE7265F595782FCC65 /* Build configuration list for PBXProject "Arbor" */;
			compatibilityVersion = "Xcode 15.0";
			developmentRegion = en;
			hasScannedForEncodings = 0;
			knownRegions = (
				en,
				Base,
			);
			mainGroup = 870B3294C0CBD48AF6BBCC1B;
			productRefGroup = FBDC4F23F93125BBEEAE800C /* Products */;
			projectDirPath = "";
			projectRoot = "";
			targets = (
				5E785D27BEE03D67EB88DFF0 /* ArborCore */,
				AA70E9F7B86E12482D6DF09B /* arbor-link */,
				4CC7183BB7924C78B7AFDBBE /* Arbor */,
				A22C00020000000000000008 /* ArborTests */,
			);
		};
/* End PBXProject section */

/* Begin PBXSourcesBuildPhase section */
		A22C00020000000000000005 /* Sources */ = {
			isa = PBXSourcesBuildPhase;
			buildActionMask = 2147483647;
			files = (
				A22C00020000000000000002 /* PipelineTests.swift in Sources */,
			);
			runOnlyForDeploymentPostprocessing = 0;
		};
		16B06D547CD8E41B720BA307 /* Sources */ = {
			isa = PBXSourcesBuildPhase;
			buildActionMask = 2147483647;
			files = (
				34B39242405D5BF8BDAD98FF /* main.cpp in Sources */,
			);
			runOnlyForDeploymentPostprocessing = 0;
		};
		4BEB3E1DD7B743C26068D320 /* Sources */ = {
			isa = PBXSourcesBuildPhase;
			buildActionMask = 2147483647;
			files = (
				2E11B6E4EF8323FD4535EB6E /* dtm.cpp in Sources */,
				3A66E506D1E61EA5BC22A5DB /* fitting_circle.cpp in Sources */,
				7859ACF337602CE6CE4F13AE /* fitting_ellipse.cpp in Sources */,
				551E8C2F8999D204E8606B90 /* fitting_fourier.cpp in Sources */,
				85F7830D94447AB76C787B77 /* fitting_multicircle.cpp in Sources */,
				088AC455F8DCE78BC4040BC8 /* fitting_orbicular.cpp in Sources */,
				9F5946943AFB99061B323D10 /* fitting_polynomial.cpp in Sources */,
				880CD5616EC729795CFF1153 /* PointCloudDataFrame.cpp in Sources */,
				60F2CA237C3C40B030BA3009 /* PointCloudDefault.cpp in Sources */,
				737EA77F12872D5A3C0E6ADA /* QSF.cpp in Sources */,
				B114AC1826FEA11190118EC4 /* qsf_api.cpp in Sources */,
				9E4AE74D9B6416705D9EA58A /* QSM_mesh.cpp in Sources */,
				0243B1AABD374EE3923F9CFB /* QSM_read.cpp in Sources */,
				6C57D0AB5ADD61DA83875B35 /* QSM_utils.cpp in Sources */,
				DEA50587D12CD1F341614B5E /* QSM_write.cpp in Sources */,
				73821AF3AF1EF586FB1B062F /* QSMbuilder.cpp in Sources */,
				2BE3554250EEC5F8F9D8EFEE /* QSMbuilder_architecture.cpp in Sources */,
				00DF3A50C82DFBEC96E4A0A3 /* QSMbuilder_butt.cpp in Sources */,
				B71848CA4816FD697E4942D9 /* QSMbuilder_cluster.cpp in Sources */,
				2CA1659FBA3F1A42B19E7457 /* QSMbuilder_dist2root.cpp in Sources */,
				814321AFF5715F33C317BF16 /* QSMbuilder_pipemodel.cpp in Sources */,
				072056ECDB70DFEF71A3F873 /* QSMbuilder_prolongation.cpp in Sources */,
				AF9C57A17F99F8997557B57F /* QSMbuilder_radius.cpp in Sources */,
				4ED3B199F8722F618EC61B75 /* QSMbuilder_skeleton.cpp in Sources */,
				DFB436131A983D9F20EA98EC /* QSMbuilder_smooth.cpp in Sources */,
				D692CAC970BABB6A3ADC09C1 /* QSMbuilder_utils.cpp in Sources */,
				11EBC349EE12DE774B552F23 /* qsm_api.cpp in Sources */,
				339A0369C58698377883617A /* SeedDetector.cpp in Sources */,
				5A4A641DEC464CFAE284BCF6 /* SeedDetector_cage.cpp in Sources */,
				8F989BE08AD3EA1FEF16C98C /* SeedDetector_circle.cpp in Sources */,
				B5F3A184327D877030653FB5 /* find_seeds_api.cpp in Sources */,
				AD8C4A2544D32BE28072FA70 /* Graph.cpp in Sources */,
				0C668BC15A8E19CDC669F0AF /* GraphBuilder.cpp in Sources */,
				9F077AC3C43F2E9FEF126B32 /* segment_ground_api.cpp in Sources */,
				57CAEB9F7490E7884AF4EEB6 /* segment_instance_api.cpp in Sources */,
				E30E7A66D349985ED1DA8766 /* segment_overfitting.cpp in Sources */,
				F11B746C3EA11295E42494E4 /* segment_semantic_api.cpp in Sources */,
				242A56047C871A7415753BEB /* Grid3D.cpp in Sources */,
				5D487BD21F37CAE94E9037F5 /* allometry.cpp in Sources */,
				1CB5E6EEBCEE76A85BAFC3AC /* anisotopy.cpp in Sources */,
				A3906AFC0F333BBE1245DBE2 /* homogeneization.cpp in Sources */,
				725171BA2C7DDAF6676E935E /* knn.cpp in Sources */,
				017C44221C02AE243782BC02 /* progressbar.cpp in Sources */,
				A0528D7618F50AD1A1761D47 /* ransac.cpp in Sources */,
				8AE1F762E45AB6E74C7E585B /* services.cpp in Sources */,
				6B4A43D71C4E096B050BA46C /* smooth3d.cpp in Sources */,
				FD670240C3D6F46F5BEEDD5C /* sor.cpp in Sources */,
				D85114678BEDA05251C44DD4 /* dbscan/dbscan.cpp in Sources */,
				60A7268155CB3D7C8EBA4F37 /* hporro/delaunay.cpp in Sources */,
				58E3E0A25EF63CEAA3A1024A /* hporro/index.cpp in Sources */,
				6AA5BF4CC018EE7079A399F8 /* hporro/pred3d.cpp in Sources */,
				D4693C7A1509C269327E694E /* libqsf/libqsf.cpp in Sources */,
				A05D379CA388B2F0C2E64632 /* libqsm/libqsm.cpp in Sources */,
				6CE304EC0AB6ADEEE915AA06 /* ptd/PTD.cpp in Sources */,
			);
			runOnlyForDeploymentPostprocessing = 0;
		};
		00E9313EA3A7409F94DDC009 /* Sources */ = {
			isa = PBXSourcesBuildPhase;
			buildActionMask = 2147483647;
			files = (
				A11B00010000000000000004 /* arbor_bridge.cpp in Sources */,
				A11B00010000000000000012 /* Bridge.swift in Sources */,
				3228EC4EC8ED40A89B65F504 /* Allometry.swift in Sources */,
				DBCE5E405B9E4C96B02F49AC /* ArborError.swift in Sources */,
				332BC9B869CB46129F78286A /* Colorize.swift in Sources */,
				06C0915313BF4A0C865EA64A /* Engine.swift in Sources */,
				9FCDB505AD254179BA1C79CB /* Experimental.swift in Sources */,
				0805ECCE508D419BB6A153EA /* Flags.swift in Sources */,
				A1FB0E2C61444C3FB8938125 /* Homogeneization.swift in Sources */,
				DA8E870EEA5246B397B3F430 /* Oversegmentation.swift in Sources */,
				9551FA515B9846AA8F8C301A /* Parameters.swift in Sources */,
				1F913D71A0914689BE8ED999 /* PointCloud.swift in Sources */,
				43F2BD1DB34F45378CF1974E /* QSF.swift in Sources */,
				364DA123F0C342FDB0BE45B3 /* QSFFilter.swift in Sources */,
				4FA78E846BE34840A789806E /* QSFIO.swift in Sources */,
				735C14C099264581A2624EF6 /* QSFLog.swift in Sources */,
				1E0ACB41E0FF4C96A159846E /* QSM.swift in Sources */,
				6264514B4E4441309466D31A /* QSMDBH.swift in Sources */,
				5A36375876C54CED9770AF24 /* QSMIO.swift in Sources */,
				A05AE3A24BB640CE9C91C357 /* QSMStats.swift in Sources */,
				9D06D04805184252885E5ABD /* QSMSubset.swift in Sources */,
				E5E195EFB1EF4474AD3D4A4D /* QSMTools.swift in Sources */,
				7FFC6D7D02884D54BA12D853 /* Range.swift in Sources */,
				AFB2457B361C4BE2B6E437D6 /* Seeds.swift in Sources */,
				518AA38EBD5844668BDCB113 /* SegmentGround.swift in Sources */,
				BFA615A96FC74B5691835766 /* SegmentInstance.swift in Sources */,
				F535E0C687ED48938036C259 /* SegmentSemantic.swift in Sources */,
				AB5460198CE34D52953775C9 /* Transfer.swift in Sources */,
				DA2588A1731742AB9E19DE12 /* WoodLikelihood.swift in Sources */,
			);
			runOnlyForDeploymentPostprocessing = 0;
		};
/* End PBXSourcesBuildPhase section */

/* Begin PBXTargetDependency section */
		A22C00020000000000000009 /* PBXTargetDependency */ = {
			isa = PBXTargetDependency;
			target = 4CC7183BB7924C78B7AFDBBE /* Arbor */;
			targetProxy = A22C0002000000000000000A /* PBXContainerItemProxy */;
		};
		A11B00010000000000000008 /* PBXTargetDependency */ = {
			isa = PBXTargetDependency;
			target = 5E785D27BEE03D67EB88DFF0 /* ArborCore */;
			targetProxy = A11B00010000000000000009 /* PBXContainerItemProxy */;
		};
		5F62427B1141A61A4C075B82 /* PBXTargetDependency */ = {
			isa = PBXTargetDependency;
			target = 5E785D27BEE03D67EB88DFF0 /* ArborCore */;
			targetProxy = DC84B1C2A1F5A7AB31534F37 /* PBXContainerItemProxy */;
		};
/* End PBXTargetDependency section */

/* Begin XCBuildConfiguration section */
		13C4B7DFF9FFE2F4728903E4 /* Release */ = {
			isa = XCBuildConfiguration;
			buildSettings = {
				GENERATE_INFOPLIST_FILE = YES;
				LIBRARY_SEARCH_PATHS = (
					"$(inherited)",
					"$(BUILT_PRODUCTS_DIR)",
					/opt/homebrew/opt/libomp/lib,
				);
				OTHER_LDFLAGS = "-lomp";
				PRODUCT_NAME = "arbor-link";
			};
			name = Release;
		};
		3E04C94AF95F871743B761D4 /* Release */ = {
			isa = XCBuildConfiguration;
			buildSettings = {
				EXECUTABLE_PREFIX = lib;
				OTHER_CFLAGS = (
					"-Xpreprocessor",
					"-fopenmp",
				);
				OTHER_CPLUSPLUSFLAGS = "$(OTHER_CFLAGS)";
				PRODUCT_NAME = ArborCore;
				SKIP_INSTALL = YES;
			};
			name = Release;
		};
		B0B56C12A90899E4707AE233 /* Debug */ = {
			isa = XCBuildConfiguration;
			buildSettings = {
				ALWAYS_SEARCH_USER_PATHS = NO;
				CLANG_CXX_LANGUAGE_STANDARD = "gnu++20";
				CLANG_CXX_LIBRARY = "libc++";
				CODE_SIGNING_ALLOWED = NO;
				CODE_SIGNING_REQUIRED = NO;
				COPY_PHASE_STRIP = NO;
				GCC_OPTIMIZATION_LEVEL = 0;
				GCC_PREPROCESSOR_DEFINITIONS = NOGDAL;
				HEADER_SEARCH_PATHS = (
					"$(PROJECT_DIR)/../src",
					"$(PROJECT_DIR)/../src/utils",
					"$(PROJECT_DIR)/../src/pointcloud",
					"$(PROJECT_DIR)/../src/qsm",
					"$(PROJECT_DIR)/../src/qsf",
					"$(PROJECT_DIR)/../src/api",
					"$(PROJECT_DIR)/../src/segment",
					"$(PROJECT_DIR)/../src/seed",
					"$(PROJECT_DIR)/../src/dtm",
					"$(PROJECT_DIR)/../src/fitting",
					"$(PROJECT_DIR)/../src/nanoflann",
					"$(PROJECT_DIR)/../src/vendor",
					"$(PROJECT_DIR)/../src/vendor/ptd",
					"$(PROJECT_DIR)/../src/vendor/libqsm",
					"$(PROJECT_DIR)/../src/vendor/libqsf",
					/opt/homebrew/opt/libomp/include,
				);
				MACOSX_DEPLOYMENT_TARGET = 14.0;
				ONLY_ACTIVE_ARCH = YES;
				SDKROOT = macosx;
			};
			name = Debug;
		};
		C2FD164E71C295B24A6638ED /* Release */ = {
			isa = XCBuildConfiguration;
			buildSettings = {
				ALWAYS_SEARCH_USER_PATHS = NO;
				CLANG_CXX_LANGUAGE_STANDARD = "gnu++20";
				CLANG_CXX_LIBRARY = "libc++";
				CODE_SIGNING_ALLOWED = NO;
				CODE_SIGNING_REQUIRED = NO;
				COPY_PHASE_STRIP = NO;
				DEBUG_INFORMATION_FORMAT = "dwarf-with-dsym";
				GCC_OPTIMIZATION_LEVEL = 2;
				GCC_PREPROCESSOR_DEFINITIONS = (
					NDEBUG,
					NOGDAL,
				);
				HEADER_SEARCH_PATHS = (
					"$(PROJECT_DIR)/../src",
					"$(PROJECT_DIR)/../src/utils",
					"$(PROJECT_DIR)/../src/pointcloud",
					"$(PROJECT_DIR)/../src/qsm",
					"$(PROJECT_DIR)/../src/qsf",
					"$(PROJECT_DIR)/../src/api",
					"$(PROJECT_DIR)/../src/segment",
					"$(PROJECT_DIR)/../src/seed",
					"$(PROJECT_DIR)/../src/dtm",
					"$(PROJECT_DIR)/../src/fitting",
					"$(PROJECT_DIR)/../src/nanoflann",
					"$(PROJECT_DIR)/../src/vendor",
					"$(PROJECT_DIR)/../src/vendor/ptd",
					"$(PROJECT_DIR)/../src/vendor/libqsm",
					"$(PROJECT_DIR)/../src/vendor/libqsf",
					/opt/homebrew/opt/libomp/include,
				);
				MACOSX_DEPLOYMENT_TARGET = 14.0;
				SDKROOT = macosx;
			};
			name = Release;
		};
		C5B38105F1ED5DE1BFA97A53 /* Debug */ = {
			isa = XCBuildConfiguration;
			buildSettings = {
				EXECUTABLE_PREFIX = lib;
				OTHER_CFLAGS = (
					"-Xpreprocessor",
					"-fopenmp",
				);
				OTHER_CPLUSPLUSFLAGS = "$(OTHER_CFLAGS)";
				PRODUCT_NAME = ArborCore;
				SKIP_INSTALL = YES;
			};
			name = Debug;
		};
		EA24D76806FB769B1F28845D /* Debug */ = {
			isa = XCBuildConfiguration;
			buildSettings = {
				GENERATE_INFOPLIST_FILE = YES;
				LIBRARY_SEARCH_PATHS = (
					"$(inherited)",
					"$(BUILT_PRODUCTS_DIR)",
					/opt/homebrew/opt/libomp/lib,
				);
				OTHER_LDFLAGS = "-lomp";
				PRODUCT_NAME = "arbor-link";
			};
			name = Debug;
		};
		8C0F42FEAFD94CB49FCF3D7E /* Debug */ = {
			isa = XCBuildConfiguration;
			buildSettings = {
				CODE_SIGNING_ALLOWED = NO;
				LIBRARY_SEARCH_PATHS = (
					"$(inherited)",
					/opt/homebrew/opt/libomp/lib,
				);
				OTHER_CFLAGS = (
					"-Xpreprocessor",
					"-fopenmp",
				);
				OTHER_CPLUSPLUSFLAGS = "$(OTHER_CFLAGS)";
				OTHER_LDFLAGS = "-lomp";
				SWIFT_INCLUDE_PATHS = "$(PROJECT_DIR)/bridge";
				DEFINES_MODULE = YES;
				DYLIB_COMPATIBILITY_VERSION = 1;
				DYLIB_CURRENT_VERSION = 1;
				DYLIB_INSTALL_NAME_BASE = "@rpath";
				ENABLE_MODULE_VERIFIER = NO;
				GENERATE_INFOPLIST_FILE = YES;
				PRODUCT_BUNDLE_IDENTIFIER = org.r-lidar.arbor;
				PRODUCT_MODULE_NAME = Arbor;
				PRODUCT_NAME = Arbor;
				SKIP_INSTALL = YES;
				SWIFT_EMIT_LOC_STRINGS = NO;
				SWIFT_OPTIMIZATION_LEVEL = "-Onone";
				SWIFT_VERSION = 5.0;
			};
			name = Debug;
		};
		742FCC37130C48B596A7CDFA /* Release */ = {
			isa = XCBuildConfiguration;
			buildSettings = {
				CODE_SIGNING_ALLOWED = NO;
				LIBRARY_SEARCH_PATHS = (
					"$(inherited)",
					/opt/homebrew/opt/libomp/lib,
				);
				OTHER_CFLAGS = (
					"-Xpreprocessor",
					"-fopenmp",
				);
				OTHER_CPLUSPLUSFLAGS = "$(OTHER_CFLAGS)";
				OTHER_LDFLAGS = "-lomp";
				SWIFT_INCLUDE_PATHS = "$(PROJECT_DIR)/bridge";
				DEFINES_MODULE = YES;
				DYLIB_COMPATIBILITY_VERSION = 1;
				DYLIB_CURRENT_VERSION = 1;
				DYLIB_INSTALL_NAME_BASE = "@rpath";
				ENABLE_MODULE_VERIFIER = NO;
				GENERATE_INFOPLIST_FILE = YES;
				PRODUCT_BUNDLE_IDENTIFIER = org.r-lidar.arbor;
				PRODUCT_MODULE_NAME = Arbor;
				PRODUCT_NAME = Arbor;
				SKIP_INSTALL = YES;
				SWIFT_EMIT_LOC_STRINGS = NO;
				SWIFT_OPTIMIZATION_LEVEL = "-O";
				SWIFT_VERSION = 5.0;
			};
			name = Release;
		};
		A22C0002000000000000000B /* Debug */ = {
			isa = XCBuildConfiguration;
			buildSettings = {
				CODE_SIGNING_ALLOWED = NO;
				CODE_SIGNING_REQUIRED = NO;
				GENERATE_INFOPLIST_FILE = YES;
				LD_RUNPATH_SEARCH_PATHS = (
					"$(inherited)",
					"@executable_path/../Frameworks",
					"@loader_path/../Frameworks",
				);
				MACOSX_DEPLOYMENT_TARGET = 14.0;
				PRODUCT_BUNDLE_IDENTIFIER = org.r-lidar.arbor.tests;
				PRODUCT_NAME = ArborTests;
				SDKROOT = macosx;
				SWIFT_EMIT_LOC_STRINGS = NO;
				SWIFT_INCLUDE_PATHS = "$(PROJECT_DIR)/bridge";
				SWIFT_VERSION = 5.0;
			};
			name = Debug;
		};
		A22C0002000000000000000C /* Release */ = {
			isa = XCBuildConfiguration;
			buildSettings = {
				CODE_SIGNING_ALLOWED = NO;
				CODE_SIGNING_REQUIRED = NO;
				GENERATE_INFOPLIST_FILE = YES;
				LD_RUNPATH_SEARCH_PATHS = (
					"$(inherited)",
					"@executable_path/../Frameworks",
					"@loader_path/../Frameworks",
				);
				MACOSX_DEPLOYMENT_TARGET = 14.0;
				PRODUCT_BUNDLE_IDENTIFIER = org.r-lidar.arbor.tests;
				PRODUCT_NAME = ArborTests;
				SDKROOT = macosx;
				SWIFT_EMIT_LOC_STRINGS = NO;
				SWIFT_INCLUDE_PATHS = "$(PROJECT_DIR)/bridge";
				SWIFT_VERSION = 5.0;
			};
			name = Release;
		};
/* End XCBuildConfiguration section */

/* Begin XCConfigurationList section */
		7E3AAD4394BF56D51E08F708 /* Build configuration list for PBXNativeTarget "arbor-link" */ = {
			isa = XCConfigurationList;
			buildConfigurations = (
				EA24D76806FB769B1F28845D /* Debug */,
				13C4B7DFF9FFE2F4728903E4 /* Release */,
			);
			defaultConfigurationIsVisible = 0;
			defaultConfigurationName = Debug;
		};
		AC72F6C9832B156B9C22AB90 /* Build configuration list for PBXNativeTarget "ArborCore" */ = {
			isa = XCConfigurationList;
			buildConfigurations = (
				C5B38105F1ED5DE1BFA97A53 /* Debug */,
				3E04C94AF95F871743B761D4 /* Release */,
			);
			defaultConfigurationIsVisible = 0;
			defaultConfigurationName = Debug;
		};
		C74034AE7265F595782FCC65 /* Build configuration list for PBXProject "Arbor" */ = {
			isa = XCConfigurationList;
			buildConfigurations = (
				B0B56C12A90899E4707AE233 /* Debug */,
				C2FD164E71C295B24A6638ED /* Release */,
			);
			defaultConfigurationIsVisible = 0;
			defaultConfigurationName = Debug;
		};
		A22C0002000000000000000D /* Build configuration list for PBXNativeTarget "ArborTests" */ = {
			isa = XCConfigurationList;
			buildConfigurations = (
				A22C0002000000000000000B /* Debug */,
				A22C0002000000000000000C /* Release */,
			);
			defaultConfigurationIsVisible = 0;
			defaultConfigurationName = Debug;
		};
		6F16307E73AD48D9A1A70741 /* Build configuration list for PBXNativeTarget "Arbor" */ = {
			isa = XCConfigurationList;
			buildConfigurations = (
				8C0F42FEAFD94CB49FCF3D7E /* Debug */,
				742FCC37130C48B596A7CDFA /* Release */,
			);
			defaultConfigurationIsVisible = 0;
			defaultConfigurationName = Debug;
		};
/* End XCConfigurationList section */
	};
	rootObject = 98F54143AB4E86B28C3AFEE0 /* Project object */;
}
